
Microsoft Visual Studio Solution File, Format Version 12.00
# Visual Studio Version 17
VisualStudioVersion = 17.8.34316.72
MinimumVisualStudioVersion = 10.0.40219.1
Project("{FAE04EC0-301F-11D3-BF4B-00C04F79EFBC}") = "TextSplitterApp", "TextSplitterApp\TextSplitterApp.csproj", "{B442C131-5225-453E-9E36-404D173D78AD}"
EndProject
Global
	GlobalSection(SolutionConfigurationPlatforms) = preSolution
		Debug|Any CPU = Debug|Any CPU
		Release|Any CPU = Release|Any CPU
	EndGlobalSection
	GlobalSection(ProjectConfigurationPlatforms) = postSolution
		{B442C131-5225-453E-9E36-404D173D78AD}.Debug|Any CPU.ActiveCfg = Debug|Any CPU
		{B442C131-5225-453E-9E36-404D173D78AD}.Debug|Any CPU.Build.0 = Debug|Any CPU
		{B442C131-5225-453E-9E36-404D173D78AD}.Release|Any CPU.ActiveCfg = Release|Any CPU
		{B442C131-5225-453E-9E36-404D173D78AD}.Release|Any CPU.Build.0 = Release|Any CPU
	EndGlobalSection
	GlobalSection(SolutionProperties) = preSolution
		HideSolutionNode = FALSE
	EndGlobalSection
	GlobalSection(ExtensibilityGlobals) = postSolution
		SolutionGuid = {19D90ACF-FA6D-4061-934C-4F94F7E20DB1}
	EndGlobalSection
EndGlobal
